{
  "meteor": {
    "git": "https://github.com/meteor/meteor.git",
    "branch": "master",
    "commit": "f07715dc70de16a7aab84e56ab0c6cbd9c1f9dc6"
  },
  "dependencies": {
    "basePackages": {
      "publish-with-relations": {
        "path": ""
      }
    },
    "packages": {
      "publish-with-relations": {
        "path": ""
      }
    }
  }
}
